
Microsoft Visual Studio Solution File, Format Version 12.00
# Visual Studio Version 17
VisualStudioVersion = 17.14.36717.8
MinimumVisualStudioVersion = 10.0.40219.1
Project("{FAE04EC0-301F-11D3-BF4B-00C04F79EFBC}") = "PigeonLocator", "PigeonLocator\PigeonLocator.csproj", "{4FB33000-76D8-47B3-BDF5-975AD10A6785}"
EndProject
Project("{2150E333-8FDC-42A3-9474-1A3956D46DE8}") = "Solution Items", "Solution Items", "{8252A6E1-E50E-4672-B373-FAE5B436C93D}"
	ProjectSection(SolutionItems) = preProject
		.editorconfig = .editorconfig
	EndProjectSection
EndProject
Project("{FAE04EC0-301F-11D3-BF4B-00C04F79EFBC}") = "GTASaveData.Core", "lib\GTASaveData\GTASaveData.Core\GTASaveData.Core.csproj", "{72661C1D-5E9D-07E9-B00C-3F7279F55C21}"
EndProject
Project("{FAE04EC0-301F-11D3-BF4B-00C04F79EFBC}") = "GTASaveData.IV", "lib\GTASaveData\GTASaveData.IV\GTASaveData.IV.csproj", "{7F2B7CC3-789B-4E35-9FE5-2825BA43BC81}"
EndProject
Global
	GlobalSection(SolutionConfigurationPlatforms) = preSolution
		Debug|Any CPU = Debug|Any CPU
		Release|Any CPU = Release|Any CPU
	EndGlobalSection
	GlobalSection(ProjectConfigurationPlatforms) = postSolution
		{4FB33000-76D8-47B3-BDF5-975AD10A6785}.Debug|Any CPU.ActiveCfg = Debug|Any CPU
		{4FB33000-76D8-47B3-BDF5-975AD10A6785}.Debug|Any CPU.Build.0 = Debug|Any CPU
		{4FB33000-76D8-47B3-BDF5-975AD10A6785}.Release|Any CPU.ActiveCfg = Release|Any CPU
		{4FB33000-76D8-47B3-BDF5-975AD10A6785}.Release|Any CPU.Build.0 = Release|Any CPU
		{72661C1D-5E9D-07E9-B00C-3F7279F55C21}.Debug|Any CPU.ActiveCfg = Debug|Any CPU
		{72661C1D-5E9D-07E9-B00C-3F7279F55C21}.Debug|Any CPU.Build.0 = Debug|Any CPU
		{72661C1D-5E9D-07E9-B00C-3F7279F55C21}.Release|Any CPU.ActiveCfg = Release|Any CPU
		{72661C1D-5E9D-07E9-B00C-3F7279F55C21}.Release|Any CPU.Build.0 = Release|Any CPU
		{7F2B7CC3-789B-4E35-9FE5-2825BA43BC81}.Debug|Any CPU.ActiveCfg = Debug|Any CPU
		{7F2B7CC3-789B-4E35-9FE5-2825BA43BC81}.Debug|Any CPU.Build.0 = Debug|Any CPU
		{7F2B7CC3-789B-4E35-9FE5-2825BA43BC81}.Release|Any CPU.ActiveCfg = Release|Any CPU
		{7F2B7CC3-789B-4E35-9FE5-2825BA43BC81}.Release|Any CPU.Build.0 = Release|Any CPU
	EndGlobalSection
	GlobalSection(SolutionProperties) = preSolution
		HideSolutionNode = FALSE
	EndGlobalSection
	GlobalSection(ExtensibilityGlobals) = postSolution
		SolutionGuid = {6089CD4C-C529-4C62-8C7B-63E1ED856CA6}
	EndGlobalSection
	GlobalSection(AutomaticVersions) = postSolution
		UpdateAssemblyVersion = False
		UpdateAssemblyFileVersion = False
		UpdateAssemblyInfoVersion = False
		UpdatePackageVersion = False
		AssemblyInfoVersionType = SettingsVersion
		InheritWinAppVersionFrom = None
		UpdateAssemblyVersion.Debug|Any CPU = True
		UpdateAssemblyFileVersion.Debug|Any CPU = True
		UpdateAssemblyInfoVersion.Debug|Any CPU = True
		AssemblyVersionSettings.Debug|Any CPU = IncrementOnDemand.IncrementOnDemandWithResetOnIncrease.IncrementOnDemandWithResetOnIncrease.Increment
		AssemblyFileVersionSettings.Debug|Any CPU = IncrementOnDemand.IncrementOnDemandWithResetOnIncrease.IncrementOnDemandWithResetOnIncrease.Increment
		UpdatePackageVersion.Debug|Any CPU = False
		AssemblyInfoVersionSemVerSettings.Debug|Any CPU = AssemblyVersion.NoneWithAutoReset.None
		AssemblyInfoVersionType.Debug|Any CPU = SemVer1
		InheritWinAppVersionFrom.Debug|Any CPU = None
		UpdateAssemblyVersion.Release|Any CPU = True
		UpdateAssemblyFileVersion.Release|Any CPU = True
		UpdateAssemblyInfoVersion.Release|Any CPU = True
		AssemblyVersionSettings.Release|Any CPU = IncrementOnDemand.IncrementOnDemandWithResetOnIncrease.IncrementOnDemandWithResetOnIncrease.Increment
		AssemblyFileVersionSettings.Release|Any CPU = IncrementOnDemand.IncrementOnDemandWithResetOnIncrease.IncrementOnDemandWithResetOnIncrease.Increment
		UpdatePackageVersion.Release|Any CPU = False
		AssemblyInfoVersionSemVerSettings.Release|Any CPU = AssemblyVersion.NoneWithAutoReset.None
		AssemblyInfoVersionType.Release|Any CPU = SemVer1
		InheritWinAppVersionFrom.Release|Any CPU = None
	EndGlobalSection
EndGlobal
