
Microsoft Visual Studio Solution File, Format Version 12.00
# Visual Studio Version 16
VisualStudioVersion = 16.0.30002.166
MinimumVisualStudioVersion = 10.0.40219.1
Project("{FAE04EC0-301F-11D3-BF4B-00C04F79EFBC}") = "PigeonLocator", "PigeonLocator\PigeonLocator.csproj", "{4FB33000-76D8-47B3-BDF5-975AD10A6785}"
EndProject
Global
	GlobalSection(SolutionConfigurationPlatforms) = preSolution
		Debug|Any CPU = Debug|Any CPU
		Release|Any CPU = Release|Any CPU
	EndGlobalSection
	GlobalSection(ProjectConfigurationPlatforms) = postSolution
		{4FB33000-76D8-47B3-BDF5-975AD10A6785}.Debug|Any CPU.ActiveCfg = Debug|Any CPU
		{4FB33000-76D8-47B3-BDF5-975AD10A6785}.Debug|Any CPU.Build.0 = Debug|Any CPU
		{4FB33000-76D8-47B3-BDF5-975AD10A6785}.Release|Any CPU.ActiveCfg = Release|Any CPU
		{4FB33000-76D8-47B3-BDF5-975AD10A6785}.Release|Any CPU.Build.0 = Release|Any CPU
	EndGlobalSection
	GlobalSection(SolutionProperties) = preSolution
		HideSolutionNode = FALSE
	EndGlobalSection
	GlobalSection(ExtensibilityGlobals) = postSolution
		SolutionGuid = {6089CD4C-C529-4C62-8C7B-63E1ED856CA6}
	EndGlobalSection
EndGlobal
